
Microsoft Visual Studio Solution File, Format Version 11.00
# Visual Studio 2010
Project("{FAE04EC0-301F-11D3-BF4B-00C04F79EFBC}") = "Backup", "Backup\Backup.csproj", "{8107724A-E473-4EC7-9F76-A63506A6DE0C}"
EndProject
Project("{FAE04EC0-301F-11D3-BF4B-00C04F79EFBC}") = "WinBackup", "WinBackup\WinBackup.csproj", "{B5186BD6-C1A0-4D4E-9FED-FF106852CBE5}"
EndProject
Project("{FAE04EC0-301F-11D3-BF4B-00C04F79EFBC}") = "Nolte", "Nolte\Nolte.csproj", "{7E27ADBD-6520-4532-A633-8D684D4B91BD}"
EndProject
Project("{2150E333-8FDC-42A3-9474-1A3956D46DE8}") = "Solution Items", "Solution Items", "{0AEC3635-6972-4ABF-AB64-E37F6FC64C02}"
	ProjectSection(SolutionItems) = preProject
		AlphaVSS.51.x86.dll = AlphaVSS.51.x86.dll
		AlphaVSS.52.x64.dll = AlphaVSS.52.x64.dll
		AlphaVSS.52.x86.dll = AlphaVSS.52.x86.dll
		AlphaVSS.60.x64.dll = AlphaVSS.60.x64.dll
		AlphaVSS.60.x86.dll = AlphaVSS.60.x86.dll
		AlphaVSS.60.x86.xml = AlphaVSS.60.x86.xml
		AlphaVSS.Common.dll = AlphaVSS.Common.dll
		AlphaVSS.Common.XML = AlphaVSS.Common.XML
	EndProjectSection
EndProject
Global
	GlobalSection(SolutionConfigurationPlatforms) = preSolution
		Debug|Any CPU = Debug|Any CPU
		Debug|Mixed Platforms = Debug|Mixed Platforms
		Debug|Win32 = Debug|Win32
		Debug|x64 = Debug|x64
		Debug|x86 = Debug|x86
		Release|Any CPU = Release|Any CPU
		Release|Mixed Platforms = Release|Mixed Platforms
		Release|Win32 = Release|Win32
		Release|x64 = Release|x64
		Release|x86 = Release|x86
		Win2003.Debug|Any CPU = Win2003.Debug|Any CPU
		Win2003.Debug|Mixed Platforms = Win2003.Debug|Mixed Platforms
		Win2003.Debug|Win32 = Win2003.Debug|Win32
		Win2003.Debug|x64 = Win2003.Debug|x64
		Win2003.Debug|x86 = Win2003.Debug|x86
		Win2003|Any CPU = Win2003|Any CPU
		Win2003|Mixed Platforms = Win2003|Mixed Platforms
		Win2003|Win32 = Win2003|Win32
		Win2003|x64 = Win2003|x64
		Win2003|x86 = Win2003|x86
		Win2008.Debug|Any CPU = Win2008.Debug|Any CPU
		Win2008.Debug|Mixed Platforms = Win2008.Debug|Mixed Platforms
		Win2008.Debug|Win32 = Win2008.Debug|Win32
		Win2008.Debug|x64 = Win2008.Debug|x64
		Win2008.Debug|x86 = Win2008.Debug|x86
		Win2008|Any CPU = Win2008|Any CPU
		Win2008|Mixed Platforms = Win2008|Mixed Platforms
		Win2008|Win32 = Win2008|Win32
		Win2008|x64 = Win2008|x64
		Win2008|x86 = Win2008|x86
		WinXP.Debug|Any CPU = WinXP.Debug|Any CPU
		WinXP.Debug|Mixed Platforms = WinXP.Debug|Mixed Platforms
		WinXP.Debug|Win32 = WinXP.Debug|Win32
		WinXP.Debug|x64 = WinXP.Debug|x64
		WinXP.Debug|x86 = WinXP.Debug|x86
		WinXP|Any CPU = WinXP|Any CPU
		WinXP|Mixed Platforms = WinXP|Mixed Platforms
		WinXP|Win32 = WinXP|Win32
		WinXP|x64 = WinXP|x64
		WinXP|x86 = WinXP|x86
	EndGlobalSection
	GlobalSection(ProjectConfigurationPlatforms) = postSolution
		{8107724A-E473-4EC7-9F76-A63506A6DE0C}.Debug|Any CPU.ActiveCfg = Debug|x86
		{8107724A-E473-4EC7-9F76-A63506A6DE0C}.Debug|Mixed Platforms.ActiveCfg = Debug|x86
		{8107724A-E473-4EC7-9F76-A63506A6DE0C}.Debug|Mixed Platforms.Build.0 = Debug|x86
		{8107724A-E473-4EC7-9F76-A63506A6DE0C}.Debug|Win32.ActiveCfg = Debug|x86
		{8107724A-E473-4EC7-9F76-A63506A6DE0C}.Debug|x64.ActiveCfg = Debug|x86
		{8107724A-E473-4EC7-9F76-A63506A6DE0C}.Debug|x86.ActiveCfg = Debug|x86
		{8107724A-E473-4EC7-9F76-A63506A6DE0C}.Debug|x86.Build.0 = Debug|x86
		{8107724A-E473-4EC7-9F76-A63506A6DE0C}.Release|Any CPU.ActiveCfg = Release|x86
		{8107724A-E473-4EC7-9F76-A63506A6DE0C}.Release|Mixed Platforms.ActiveCfg = Release|x86
		{8107724A-E473-4EC7-9F76-A63506A6DE0C}.Release|Mixed Platforms.Build.0 = Release|x86
		{8107724A-E473-4EC7-9F76-A63506A6DE0C}.Release|Win32.ActiveCfg = Release|x86
		{8107724A-E473-4EC7-9F76-A63506A6DE0C}.Release|x64.ActiveCfg = Release|x86
		{8107724A-E473-4EC7-9F76-A63506A6DE0C}.Release|x86.ActiveCfg = Release|x86
		{8107724A-E473-4EC7-9F76-A63506A6DE0C}.Release|x86.Build.0 = Release|x86
		{8107724A-E473-4EC7-9F76-A63506A6DE0C}.Win2003.Debug|Any CPU.ActiveCfg = Debug|x86
		{8107724A-E473-4EC7-9F76-A63506A6DE0C}.Win2003.Debug|Mixed Platforms.ActiveCfg = Debug|x86
		{8107724A-E473-4EC7-9F76-A63506A6DE0C}.Win2003.Debug|Mixed Platforms.Build.0 = Debug|x86
		{8107724A-E473-4EC7-9F76-A63506A6DE0C}.Win2003.Debug|Win32.ActiveCfg = Debug|x86
		{8107724A-E473-4EC7-9F76-A63506A6DE0C}.Win2003.Debug|x64.ActiveCfg = Debug|x86
		{8107724A-E473-4EC7-9F76-A63506A6DE0C}.Win2003.Debug|x86.ActiveCfg = Debug|x86
		{8107724A-E473-4EC7-9F76-A63506A6DE0C}.Win2003.Debug|x86.Build.0 = Debug|x86
		{8107724A-E473-4EC7-9F76-A63506A6DE0C}.Win2003|Any CPU.ActiveCfg = Release|x86
		{8107724A-E473-4EC7-9F76-A63506A6DE0C}.Win2003|Mixed Platforms.ActiveCfg = Release|x86
		{8107724A-E473-4EC7-9F76-A63506A6DE0C}.Win2003|Mixed Platforms.Build.0 = Release|x86
		{8107724A-E473-4EC7-9F76-A63506A6DE0C}.Win2003|Win32.ActiveCfg = Release|x86
		{8107724A-E473-4EC7-9F76-A63506A6DE0C}.Win2003|x64.ActiveCfg = Release|x86
		{8107724A-E473-4EC7-9F76-A63506A6DE0C}.Win2003|x86.ActiveCfg = Release|x86
		{8107724A-E473-4EC7-9F76-A63506A6DE0C}.Win2003|x86.Build.0 = Release|x86
		{8107724A-E473-4EC7-9F76-A63506A6DE0C}.Win2008.Debug|Any CPU.ActiveCfg = Debug|x86
		{8107724A-E473-4EC7-9F76-A63506A6DE0C}.Win2008.Debug|Mixed Platforms.ActiveCfg = Debug|x86
		{8107724A-E473-4EC7-9F76-A63506A6DE0C}.Win2008.Debug|Mixed Platforms.Build.0 = Debug|x86
		{8107724A-E473-4EC7-9F76-A63506A6DE0C}.Win2008.Debug|Win32.ActiveCfg = Debug|x86
		{8107724A-E473-4EC7-9F76-A63506A6DE0C}.Win2008.Debug|x64.ActiveCfg = Debug|x86
		{8107724A-E473-4EC7-9F76-A63506A6DE0C}.Win2008.Debug|x86.ActiveCfg = Debug|x86
		{8107724A-E473-4EC7-9F76-A63506A6DE0C}.Win2008.Debug|x86.Build.0 = Debug|x86
		{8107724A-E473-4EC7-9F76-A63506A6DE0C}.Win2008|Any CPU.ActiveCfg = Release|x86
		{8107724A-E473-4EC7-9F76-A63506A6DE0C}.Win2008|Mixed Platforms.ActiveCfg = Release|x86
		{8107724A-E473-4EC7-9F76-A63506A6DE0C}.Win2008|Mixed Platforms.Build.0 = Release|x86
		{8107724A-E473-4EC7-9F76-A63506A6DE0C}.Win2008|Win32.ActiveCfg = Release|x86
		{8107724A-E473-4EC7-9F76-A63506A6DE0C}.Win2008|x64.ActiveCfg = Release|x86
		{8107724A-E473-4EC7-9F76-A63506A6DE0C}.Win2008|x86.ActiveCfg = Release|x86
		{8107724A-E473-4EC7-9F76-A63506A6DE0C}.Win2008|x86.Build.0 = Release|x86
		{8107724A-E473-4EC7-9F76-A63506A6DE0C}.WinXP.Debug|Any CPU.ActiveCfg = Debug|x86
		{8107724A-E473-4EC7-9F76-A63506A6DE0C}.WinXP.Debug|Mixed Platforms.ActiveCfg = Debug|x86
		{8107724A-E473-4EC7-9F76-A63506A6DE0C}.WinXP.Debug|Mixed Platforms.Build.0 = Debug|x86
		{8107724A-E473-4EC7-9F76-A63506A6DE0C}.WinXP.Debug|Win32.ActiveCfg = Debug|x86
		{8107724A-E473-4EC7-9F76-A63506A6DE0C}.WinXP.Debug|x64.ActiveCfg = Debug|x86
		{8107724A-E473-4EC7-9F76-A63506A6DE0C}.WinXP.Debug|x86.ActiveCfg = Debug|x86
		{8107724A-E473-4EC7-9F76-A63506A6DE0C}.WinXP.Debug|x86.Build.0 = Debug|x86
		{8107724A-E473-4EC7-9F76-A63506A6DE0C}.WinXP|Any CPU.ActiveCfg = Release|x86
		{8107724A-E473-4EC7-9F76-A63506A6DE0C}.WinXP|Mixed Platforms.ActiveCfg = Release|x86
		{8107724A-E473-4EC7-9F76-A63506A6DE0C}.WinXP|Mixed Platforms.Build.0 = Release|x86
		{8107724A-E473-4EC7-9F76-A63506A6DE0C}.WinXP|Win32.ActiveCfg = Release|x86
		{8107724A-E473-4EC7-9F76-A63506A6DE0C}.WinXP|x64.ActiveCfg = Release|x86
		{8107724A-E473-4EC7-9F76-A63506A6DE0C}.WinXP|x86.ActiveCfg = Release|x86
		{8107724A-E473-4EC7-9F76-A63506A6DE0C}.WinXP|x86.Build.0 = Release|x86
		{B5186BD6-C1A0-4D4E-9FED-FF106852CBE5}.Debug|Any CPU.ActiveCfg = Debug|x86
		{B5186BD6-C1A0-4D4E-9FED-FF106852CBE5}.Debug|Mixed Platforms.ActiveCfg = Debug|x86
		{B5186BD6-C1A0-4D4E-9FED-FF106852CBE5}.Debug|Mixed Platforms.Build.0 = Debug|x86
		{B5186BD6-C1A0-4D4E-9FED-FF106852CBE5}.Debug|Win32.ActiveCfg = Debug|x86
		{B5186BD6-C1A0-4D4E-9FED-FF106852CBE5}.Debug|x64.ActiveCfg = Debug|x86
		{B5186BD6-C1A0-4D4E-9FED-FF106852CBE5}.Debug|x86.ActiveCfg = Debug|x86
		{B5186BD6-C1A0-4D4E-9FED-FF106852CBE5}.Debug|x86.Build.0 = Debug|x86
		{B5186BD6-C1A0-4D4E-9FED-FF106852CBE5}.Release|Any CPU.ActiveCfg = Release|x86
		{B5186BD6-C1A0-4D4E-9FED-FF106852CBE5}.Release|Mixed Platforms.ActiveCfg = Release|x86
		{B5186BD6-C1A0-4D4E-9FED-FF106852CBE5}.Release|Mixed Platforms.Build.0 = Release|x86
		{B5186BD6-C1A0-4D4E-9FED-FF106852CBE5}.Release|Win32.ActiveCfg = Release|x86
		{B5186BD6-C1A0-4D4E-9FED-FF106852CBE5}.Release|x64.ActiveCfg = Release|x86
		{B5186BD6-C1A0-4D4E-9FED-FF106852CBE5}.Release|x86.ActiveCfg = Release|x86
		{B5186BD6-C1A0-4D4E-9FED-FF106852CBE5}.Release|x86.Build.0 = Release|x86
		{B5186BD6-C1A0-4D4E-9FED-FF106852CBE5}.Win2003.Debug|Any CPU.ActiveCfg = Debug|x86
		{B5186BD6-C1A0-4D4E-9FED-FF106852CBE5}.Win2003.Debug|Mixed Platforms.ActiveCfg = Debug|x86
		{B5186BD6-C1A0-4D4E-9FED-FF106852CBE5}.Win2003.Debug|Mixed Platforms.Build.0 = Debug|x86
		{B5186BD6-C1A0-4D4E-9FED-FF106852CBE5}.Win2003.Debug|Win32.ActiveCfg = Debug|x86
		{B5186BD6-C1A0-4D4E-9FED-FF106852CBE5}.Win2003.Debug|x64.ActiveCfg = Debug|x86
		{B5186BD6-C1A0-4D4E-9FED-FF106852CBE5}.Win2003.Debug|x86.ActiveCfg = Debug|x86
		{B5186BD6-C1A0-4D4E-9FED-FF106852CBE5}.Win2003.Debug|x86.Build.0 = Debug|x86
		{B5186BD6-C1A0-4D4E-9FED-FF106852CBE5}.Win2003|Any CPU.ActiveCfg = Release|x86
		{B5186BD6-C1A0-4D4E-9FED-FF106852CBE5}.Win2003|Mixed Platforms.ActiveCfg = Release|x86
		{B5186BD6-C1A0-4D4E-9FED-FF106852CBE5}.Win2003|Mixed Platforms.Build.0 = Release|x86
		{B5186BD6-C1A0-4D4E-9FED-FF106852CBE5}.Win2003|Win32.ActiveCfg = Release|x86
		{B5186BD6-C1A0-4D4E-9FED-FF106852CBE5}.Win2003|x64.ActiveCfg = Release|x86
		{B5186BD6-C1A0-4D4E-9FED-FF106852CBE5}.Win2003|x86.ActiveCfg = Release|x86
		{B5186BD6-C1A0-4D4E-9FED-FF106852CBE5}.Win2003|x86.Build.0 = Release|x86
		{B5186BD6-C1A0-4D4E-9FED-FF106852CBE5}.Win2008.Debug|Any CPU.ActiveCfg = Debug|x86
		{B5186BD6-C1A0-4D4E-9FED-FF106852CBE5}.Win2008.Debug|Mixed Platforms.ActiveCfg = Debug|x86
		{B5186BD6-C1A0-4D4E-9FED-FF106852CBE5}.Win2008.Debug|Mixed Platforms.Build.0 = Debug|x86
		{B5186BD6-C1A0-4D4E-9FED-FF106852CBE5}.Win2008.Debug|Win32.ActiveCfg = Debug|x86
		{B5186BD6-C1A0-4D4E-9FED-FF106852CBE5}.Win2008.Debug|x64.ActiveCfg = Debug|x86
		{B5186BD6-C1A0-4D4E-9FED-FF106852CBE5}.Win2008.Debug|x86.ActiveCfg = Debug|x86
		{B5186BD6-C1A0-4D4E-9FED-FF106852CBE5}.Win2008.Debug|x86.Build.0 = Debug|x86
		{B5186BD6-C1A0-4D4E-9FED-FF106852CBE5}.Win2008|Any CPU.ActiveCfg = Release|x86
		{B5186BD6-C1A0-4D4E-9FED-FF106852CBE5}.Win2008|Mixed Platforms.ActiveCfg = Release|x86
		{B5186BD6-C1A0-4D4E-9FED-FF106852CBE5}.Win2008|Mixed Platforms.Build.0 = Release|x86
		{B5186BD6-C1A0-4D4E-9FED-FF106852CBE5}.Win2008|Win32.ActiveCfg = Release|x86
		{B5186BD6-C1A0-4D4E-9FED-FF106852CBE5}.Win2008|x64.ActiveCfg = Release|x86
		{B5186BD6-C1A0-4D4E-9FED-FF106852CBE5}.Win2008|x86.ActiveCfg = Release|x86
		{B5186BD6-C1A0-4D4E-9FED-FF106852CBE5}.Win2008|x86.Build.0 = Release|x86
		{B5186BD6-C1A0-4D4E-9FED-FF106852CBE5}.WinXP.Debug|Any CPU.ActiveCfg = Debug|x86
		{B5186BD6-C1A0-4D4E-9FED-FF106852CBE5}.WinXP.Debug|Mixed Platforms.ActiveCfg = Debug|x86
		{B5186BD6-C1A0-4D4E-9FED-FF106852CBE5}.WinXP.Debug|Mixed Platforms.Build.0 = Debug|x86
		{B5186BD6-C1A0-4D4E-9FED-FF106852CBE5}.WinXP.Debug|Win32.ActiveCfg = Debug|x86
		{B5186BD6-C1A0-4D4E-9FED-FF106852CBE5}.WinXP.Debug|x64.ActiveCfg = Debug|x86
		{B5186BD6-C1A0-4D4E-9FED-FF106852CBE5}.WinXP.Debug|x86.ActiveCfg = Debug|x86
		{B5186BD6-C1A0-4D4E-9FED-FF106852CBE5}.WinXP.Debug|x86.Build.0 = Debug|x86
		{B5186BD6-C1A0-4D4E-9FED-FF106852CBE5}.WinXP|Any CPU.ActiveCfg = Release|x86
		{B5186BD6-C1A0-4D4E-9FED-FF106852CBE5}.WinXP|Mixed Platforms.ActiveCfg = Release|x86
		{B5186BD6-C1A0-4D4E-9FED-FF106852CBE5}.WinXP|Mixed Platforms.Build.0 = Release|x86
		{B5186BD6-C1A0-4D4E-9FED-FF106852CBE5}.WinXP|Win32.ActiveCfg = Release|x86
		{B5186BD6-C1A0-4D4E-9FED-FF106852CBE5}.WinXP|x64.ActiveCfg = Release|x86
		{B5186BD6-C1A0-4D4E-9FED-FF106852CBE5}.WinXP|x86.ActiveCfg = Release|x86
		{B5186BD6-C1A0-4D4E-9FED-FF106852CBE5}.WinXP|x86.Build.0 = Release|x86
		{7E27ADBD-6520-4532-A633-8D684D4B91BD}.Debug|Any CPU.ActiveCfg = Debug|Any CPU
		{7E27ADBD-6520-4532-A633-8D684D4B91BD}.Debug|Any CPU.Build.0 = Debug|Any CPU
		{7E27ADBD-6520-4532-A633-8D684D4B91BD}.Debug|Mixed Platforms.ActiveCfg = Debug|Any CPU
		{7E27ADBD-6520-4532-A633-8D684D4B91BD}.Debug|Mixed Platforms.Build.0 = Debug|Any CPU
		{7E27ADBD-6520-4532-A633-8D684D4B91BD}.Debug|Win32.ActiveCfg = Debug|Any CPU
		{7E27ADBD-6520-4532-A633-8D684D4B91BD}.Debug|x64.ActiveCfg = Debug|Any CPU
		{7E27ADBD-6520-4532-A633-8D684D4B91BD}.Debug|x86.ActiveCfg = Debug|Any CPU
		{7E27ADBD-6520-4532-A633-8D684D4B91BD}.Release|Any CPU.ActiveCfg = Release|Any CPU
		{7E27ADBD-6520-4532-A633-8D684D4B91BD}.Release|Any CPU.Build.0 = Release|Any CPU
		{7E27ADBD-6520-4532-A633-8D684D4B91BD}.Release|Mixed Platforms.ActiveCfg = Release|Any CPU
		{7E27ADBD-6520-4532-A633-8D684D4B91BD}.Release|Mixed Platforms.Build.0 = Release|Any CPU
		{7E27ADBD-6520-4532-A633-8D684D4B91BD}.Release|Win32.ActiveCfg = Release|Any CPU
		{7E27ADBD-6520-4532-A633-8D684D4B91BD}.Release|x64.ActiveCfg = Release|Any CPU
		{7E27ADBD-6520-4532-A633-8D684D4B91BD}.Release|x86.ActiveCfg = Release|Any CPU
		{7E27ADBD-6520-4532-A633-8D684D4B91BD}.Win2003.Debug|Any CPU.ActiveCfg = Debug|Any CPU
		{7E27ADBD-6520-4532-A633-8D684D4B91BD}.Win2003.Debug|Any CPU.Build.0 = Debug|Any CPU
		{7E27ADBD-6520-4532-A633-8D684D4B91BD}.Win2003.Debug|Mixed Platforms.ActiveCfg = Debug|Any CPU
		{7E27ADBD-6520-4532-A633-8D684D4B91BD}.Win2003.Debug|Mixed Platforms.Build.0 = Debug|Any CPU
		{7E27ADBD-6520-4532-A633-8D684D4B91BD}.Win2003.Debug|Win32.ActiveCfg = Debug|Any CPU
		{7E27ADBD-6520-4532-A633-8D684D4B91BD}.Win2003.Debug|x64.ActiveCfg = Debug|Any CPU
		{7E27ADBD-6520-4532-A633-8D684D4B91BD}.Win2003.Debug|x86.ActiveCfg = Debug|Any CPU
		{7E27ADBD-6520-4532-A633-8D684D4B91BD}.Win2003|Any CPU.ActiveCfg = Release|Any CPU
		{7E27ADBD-6520-4532-A633-8D684D4B91BD}.Win2003|Any CPU.Build.0 = Release|Any CPU
		{7E27ADBD-6520-4532-A633-8D684D4B91BD}.Win2003|Mixed Platforms.ActiveCfg = Release|Any CPU
		{7E27ADBD-6520-4532-A633-8D684D4B91BD}.Win2003|Mixed Platforms.Build.0 = Release|Any CPU
		{7E27ADBD-6520-4532-A633-8D684D4B91BD}.Win2003|Win32.ActiveCfg = Release|Any CPU
		{7E27ADBD-6520-4532-A633-8D684D4B91BD}.Win2003|x64.ActiveCfg = Release|Any CPU
		{7E27ADBD-6520-4532-A633-8D684D4B91BD}.Win2003|x86.ActiveCfg = Release|Any CPU
		{7E27ADBD-6520-4532-A633-8D684D4B91BD}.Win2008.Debug|Any CPU.ActiveCfg = Debug|Any CPU
		{7E27ADBD-6520-4532-A633-8D684D4B91BD}.Win2008.Debug|Any CPU.Build.0 = Debug|Any CPU
		{7E27ADBD-6520-4532-A633-8D684D4B91BD}.Win2008.Debug|Mixed Platforms.ActiveCfg = Debug|Any CPU
		{7E27ADBD-6520-4532-A633-8D684D4B91BD}.Win2008.Debug|Mixed Platforms.Build.0 = Debug|Any CPU
		{7E27ADBD-6520-4532-A633-8D684D4B91BD}.Win2008.Debug|Win32.ActiveCfg = Debug|Any CPU
		{7E27ADBD-6520-4532-A633-8D684D4B91BD}.Win2008.Debug|x64.ActiveCfg = Debug|Any CPU
		{7E27ADBD-6520-4532-A633-8D684D4B91BD}.Win2008.Debug|x86.ActiveCfg = Debug|Any CPU
		{7E27ADBD-6520-4532-A633-8D684D4B91BD}.Win2008|Any CPU.ActiveCfg = Release|Any CPU
		{7E27ADBD-6520-4532-A633-8D684D4B91BD}.Win2008|Any CPU.Build.0 = Release|Any CPU
		{7E27ADBD-6520-4532-A633-8D684D4B91BD}.Win2008|Mixed Platforms.ActiveCfg = Release|Any CPU
		{7E27ADBD-6520-4532-A633-8D684D4B91BD}.Win2008|Mixed Platforms.Build.0 = Release|Any CPU
		{7E27ADBD-6520-4532-A633-8D684D4B91BD}.Win2008|Win32.ActiveCfg = Release|Any CPU
		{7E27ADBD-6520-4532-A633-8D684D4B91BD}.Win2008|x64.ActiveCfg = Release|Any CPU
		{7E27ADBD-6520-4532-A633-8D684D4B91BD}.Win2008|x86.ActiveCfg = Release|Any CPU
		{7E27ADBD-6520-4532-A633-8D684D4B91BD}.WinXP.Debug|Any CPU.ActiveCfg = Debug|Any CPU
		{7E27ADBD-6520-4532-A633-8D684D4B91BD}.WinXP.Debug|Any CPU.Build.0 = Debug|Any CPU
		{7E27ADBD-6520-4532-A633-8D684D4B91BD}.WinXP.Debug|Mixed Platforms.ActiveCfg = Debug|Any CPU
		{7E27ADBD-6520-4532-A633-8D684D4B91BD}.WinXP.Debug|Mixed Platforms.Build.0 = Debug|Any CPU
		{7E27ADBD-6520-4532-A633-8D684D4B91BD}.WinXP.Debug|Win32.ActiveCfg = Debug|Any CPU
		{7E27ADBD-6520-4532-A633-8D684D4B91BD}.WinXP.Debug|x64.ActiveCfg = Debug|Any CPU
		{7E27ADBD-6520-4532-A633-8D684D4B91BD}.WinXP.Debug|x86.ActiveCfg = Debug|Any CPU
		{7E27ADBD-6520-4532-A633-8D684D4B91BD}.WinXP|Any CPU.ActiveCfg = Release|Any CPU
		{7E27ADBD-6520-4532-A633-8D684D4B91BD}.WinXP|Any CPU.Build.0 = Release|Any CPU
		{7E27ADBD-6520-4532-A633-8D684D4B91BD}.WinXP|Mixed Platforms.ActiveCfg = Release|Any CPU
		{7E27ADBD-6520-4532-A633-8D684D4B91BD}.WinXP|Mixed Platforms.Build.0 = Release|Any CPU
		{7E27ADBD-6520-4532-A633-8D684D4B91BD}.WinXP|Win32.ActiveCfg = Release|Any CPU
		{7E27ADBD-6520-4532-A633-8D684D4B91BD}.WinXP|x64.ActiveCfg = Release|Any CPU
		{7E27ADBD-6520-4532-A633-8D684D4B91BD}.WinXP|x86.ActiveCfg = Release|Any CPU
	EndGlobalSection
	GlobalSection(SolutionProperties) = preSolution
		HideSolutionNode = FALSE
	EndGlobalSection
EndGlobal
